{
  "version": 4,
  "terraform_version": "1.2.7",
  "serial": 20,
  "lineage": "b1e33fe3-811f-2e8b-6cdb-704d8327f8d1",
  "outputs": {
    "apachedns": {
      "value": "ec2-13-229-44-148.ap-southeast-1.compute.amazonaws.com",
      "type": "string"
    },
    "apacheip": {
      "value": "13.229.44.148",
      "type": "string"
    }
  },
  "resources": [
    {
      "mode": "data",
      "type": "http",
      "name": "myip",
      "provider": "provider[\"registry.terraform.io/hashicorp/http\"]",
      "instances": [
        {
          "schema_version": 0,
          "attributes": {
            "body": "223.185.74.31\n",
            "id": "http://ipv4.icanhazip.com",
            "method": null,
            "request_body": null,
            "request_headers": null,
            "response_body": "223.185.74.31\n",
            "response_headers": {
              "Access-Control-Allow-Methods": "GET",
              "Access-Control-Allow-Origin": "*",
              "Alt-Svc": "h3=\":443\"; ma=86400, h3-29=\":443\"; ma=86400",
              "Cf-Ray": "74f476202a06b29f-MAA",
              "Connection": "keep-alive",
              "Content-Length": "14",
              "Content-Type": "text/plain",
              "Date": "Fri, 23 Sep 2022 15:54:52 GMT",
              "Server": "cloudflare",
              "Set-Cookie": "__cf_bm=asY7EdgWA7p_Vhr5Za7yWsQ3jRSnBI120iNnNhLcwYo-1663948492-0-AXTSNpr6QIU853cezj09iuxINau9HmspV4qLU9S0Wbew3VQdOO+iz/mToPcwOD5Wjx2Qy0H/JFdbh3elfQEb7MI=; path=/; expires=Fri, 23-Sep-22 16:24:52 GMT; domain=.icanhazip.com; HttpOnly; SameSite=None",
              "Vary": "Accept-Encoding"
            },
            "status_code": 200,
            "url": "http://ipv4.icanhazip.com"
          },
          "sensitive_attributes": []
        }
      ]
    },
    {
      "mode": "managed",
      "type": "aws_instance",
      "name": "cicd-apache",
      "provider": "provider[\"registry.terraform.io/hashicorp/aws\"]",
      "instances": [
        {
          "schema_version": 1,
          "attributes": {
            "ami": "ami-0f62d9254ca98e1aa",
            "arn": "arn:aws:ec2:ap-southeast-1:983098380356:instance/i-040f2fc2558fbff1d",
            "associate_public_ip_address": true,
            "availability_zone": "ap-southeast-1b",
            "capacity_reservation_specification": [
              {
                "capacity_reservation_preference": "open",
                "capacity_reservation_target": []
              }
            ],
            "cpu_core_count": 1,
            "cpu_threads_per_core": 1,
            "credit_specification": [
              {
                "cpu_credits": "standard"
              }
            ],
            "disable_api_stop": false,
            "disable_api_termination": false,
            "ebs_block_device": [],
            "ebs_optimized": false,
            "enclave_options": [
              {
                "enabled": false
              }
            ],
            "ephemeral_block_device": [],
            "get_password_data": false,
            "hibernation": false,
            "host_id": null,
            "host_resource_group_arn": null,
            "iam_instance_profile": "",
            "id": "i-040f2fc2558fbff1d",
            "instance_initiated_shutdown_behavior": "stop",
            "instance_state": "running",
            "instance_type": "t2.micro",
            "ipv6_address_count": 0,
            "ipv6_addresses": [],
            "key_name": "demo1",
            "launch_template": [],
            "maintenance_options": [
              {
                "auto_recovery": "default"
              }
            ],
            "metadata_options": [
              {
                "http_endpoint": "enabled",
                "http_put_response_hop_limit": 1,
                "http_tokens": "optional",
                "instance_metadata_tags": "disabled"
              }
            ],
            "monitoring": false,
            "network_interface": [],
            "outpost_arn": "",
            "password_data": "",
            "placement_group": "",
            "placement_partition_number": null,
            "primary_network_interface_id": "eni-0503d248ad57199eb",
            "private_dns": "ip-172-31-33-192.ap-southeast-1.compute.internal",
            "private_dns_name_options": [
              {
                "enable_resource_name_dns_a_record": false,
                "enable_resource_name_dns_aaaa_record": false,
                "hostname_type": "ip-name"
              }
            ],
            "private_ip": "172.31.33.192",
            "public_dns": "ec2-13-229-44-148.ap-southeast-1.compute.amazonaws.com",
            "public_ip": "13.229.44.148",
            "root_block_device": [
              {
                "delete_on_termination": true,
                "device_name": "/dev/xvda",
                "encrypted": false,
                "iops": 100,
                "kms_key_id": "",
                "tags": {},
                "throughput": 0,
                "volume_id": "vol-0698f09d1155570f8",
                "volume_size": 8,
                "volume_type": "gp2"
              }
            ],
            "secondary_private_ips": [],
            "security_groups": [
              "cicd-apache-sg"
            ],
            "source_dest_check": true,
            "subnet_id": "subnet-060549087f71cc584",
            "tags": {
              "Name": "cicd-tomcat"
            },
            "tags_all": {
              "Name": "cicd-tomcat"
            },
            "tenancy": "default",
            "timeouts": null,
            "user_data": null,
            "user_data_base64": null,
            "user_data_replace_on_change": false,
            "volume_tags": null,
            "vpc_security_group_ids": [
              "sg-0da2a9342d075a1ea"
            ]
          },
          "sensitive_attributes": [],
          "private": "eyJlMmJmYjczMC1lY2FhLTExZTYtOGY4OC0zNDM2M2JjN2M0YzAiOnsiY3JlYXRlIjo2MDAwMDAwMDAwMDAsImRlbGV0ZSI6MTIwMDAwMDAwMDAwMCwidXBkYXRlIjo2MDAwMDAwMDAwMDB9LCJzY2hlbWFfdmVyc2lvbiI6IjEifQ==",
          "dependencies": [
            "aws_key_pair.demo1",
            "aws_security_group.cicd-apache"
          ]
        }
      ]
    },
    {
      "mode": "managed",
      "type": "aws_key_pair",
      "name": "demo1",
      "provider": "provider[\"registry.terraform.io/hashicorp/aws\"]",
      "instances": [
        {
          "schema_version": 1,
          "attributes": {
            "arn": "arn:aws:ec2:ap-southeast-1:983098380356:key-pair/demo1",
            "fingerprint": "44:cc:6f:6f:66:f8:c3:84:fb:71:90:57:c0:0e:7f:17",
            "id": "demo1",
            "key_name": "demo1",
            "key_name_prefix": "",
            "key_pair_id": "key-04b3c6536210f023c",
            "key_type": "rsa",
            "public_key": "ssh-rsa AAAAB3NzaC1yc2EAAAADAQABAAABgQCiFmmvR9ycaZyq2sIWlnp5qpeBXL5ZNZ23EXfqz8Y/W5naDQfHFI2BREcPj5ug+Bz/fBDdzbmt29r8dHNXsujjIMtYnW4sGOVFXrndNOptWSb9Or6tfQ26fAmxUmEkU1GVaL3rcCS6OhOjzodVH6L3hfGMUFf6z0PaSpcZH9013dqInEQvJozFodkYsqlkhqvE33fZ0j4/pKlay7Pm81eW4gdeMXRXyXF9hzRd9hNygc8SE42uH//cxfJUwXbGnCWI8r2PYoo5FDHvIJoNnJ89ayZDVwPaTRweBR4Fjff6+awGYiddNztK/GNHjDM1hFaD21bIm6bJeZu+jAw1rn/jnE+7rIcVKkY2tussPN1JZrXdzWVV/B8F1/Oqw+TnP6oi9NmDtDf1HzP/Jpm4yiSl66rVeULSavCXDBO64itT4moI28VkFWv9xPCDTng1y5vP7O4g2a5o3QSEdWqx1VFpFF7gF+1eUa2CyU+u9aOAT4hcMmLes9xf+4lExdCszxs= DEEPALI REDDY@DESKTOP-5FCHM4B",
            "tags": null,
            "tags_all": {}
          },
          "sensitive_attributes": [],
          "private": "eyJzY2hlbWFfdmVyc2lvbiI6IjEifQ=="
        }
      ]
    },
    {
      "mode": "managed",
      "type": "aws_security_group",
      "name": "cicd-apache",
      "provider": "provider[\"registry.terraform.io/hashicorp/aws\"]",
      "instances": [
        {
          "schema_version": 1,
          "attributes": {
            "arn": "arn:aws:ec2:ap-southeast-1:983098380356:security-group/sg-0da2a9342d075a1ea",
            "description": "acess the end user ",
            "egress": [
              {
                "cidr_blocks": [
                  "0.0.0.0/0"
                ],
                "description": "",
                "from_port": 0,
                "ipv6_cidr_blocks": [
                  "::/0"
                ],
                "prefix_list_ids": [],
                "protocol": "-1",
                "security_groups": [],
                "self": false,
                "to_port": 0
              }
            ],
            "id": "sg-0da2a9342d075a1ea",
            "ingress": [
              {
                "cidr_blocks": [
                  "0.0.0.0/0"
                ],
                "description": "connecting with admin",
                "from_port": 22,
                "ipv6_cidr_blocks": [],
                "prefix_list_ids": [],
                "protocol": "tcp",
                "security_groups": [],
                "self": false,
                "to_port": 22
              },
              {
                "cidr_blocks": [
                  "0.0.0.0/0"
                ],
                "description": "connecting with enduser",
                "from_port": 80,
                "ipv6_cidr_blocks": [],
                "prefix_list_ids": [],
                "protocol": "tcp",
                "security_groups": [],
                "self": false,
                "to_port": 80
              }
            ],
            "name": "cicd-apache-sg",
            "name_prefix": "",
            "owner_id": "983098380356",
            "revoke_rules_on_delete": false,
            "tags": {
              "Name": "cicd-apache-sg"
            },
            "tags_all": {
              "Name": "cicd-apache-sg"
            },
            "timeouts": null,
            "vpc_id": "vpc-01a54eb210751786d"
          },
          "sensitive_attributes": [],
          "private": "eyJlMmJmYjczMC1lY2FhLTExZTYtOGY4OC0zNDM2M2JjN2M0YzAiOnsiY3JlYXRlIjo2MDAwMDAwMDAwMDAsImRlbGV0ZSI6OTAwMDAwMDAwMDAwfSwic2NoZW1hX3ZlcnNpb24iOiIxIn0="
        }
      ]
    }
  ]
}
